// !$*UTF8*$!
{
	archiveVersion = 1;
	classes = {
	};
	objectVersion = 50;
	objects = {

/* Begin PBXBuildFile section */
		A5A290B0241B531000E1F662 /* AppDelegate.swift in Sources */ = {isa = PBXBuildFile; fileRef = A5A290AF241B531000E1F662 /* AppDelegate.swift */; };
		A5A290B2241B531000E1F662 /* SceneDelegate.swift in Sources */ = {isa = PBXBuildFile; fileRef = A5A290B1241B531000E1F662 /* SceneDelegate.swift */; };
		A5A290B4241B531000E1F662 /* ViewController.swift in Sources */ = {isa = PBXBuildFile; fileRef = A5A290B3241B531000E1F662 /* ViewController.swift */; };
		A5A290B7241B531000E1F662 /* Main.storyboard in Resources */ = {isa = PBXBuildFile; fileRef = A5A290B5241B531000E1F662 /* Main.storyboard */; };
		A5A290B9241B531800E1F662 /* Assets.xcassets in Resources */ = {isa = PBXBuildFile; fileRef = A5A290B8241B531800E1F662 /* Assets.xcassets */; };
		A5A290BC241B531800E1F662 /* LaunchScreen.storyboard in Resources */ = {isa = PBXBuildFile; fileRef = A5A290BA241B531800E1F662 /* LaunchScreen.storyboard */; };
		A5A290C8241B544300E1F662 /* ListController.swift in Sources */ = {isa = PBXBuildFile; fileRef = A5A290C7241B544300E1F662 /* ListController.swift */; };
/* End PBXBuildFile section */

/* Begin PBXFileReference section */
		A5A290AC241B530F00E1F662 /* NoticeApp.app */ = {isa = PBXFileReference; explicitFileType = wrapper.application; includeInIndex = 0; path = NoticeApp.app; sourceTree = BUILT_PRODUCTS_DIR; };
		A5A290AF241B531000E1F662 /* AppDelegate.swift */ = {isa = PBXFileReference; lastKnownFileType = sourcecode.swift; path = AppDelegate.swift; sourceTree = "<group>"; };
		A5A290B1241B531000E1F662 /* SceneDelegate.swift */ = {isa = PBXFileReference; lastKnownFileType = sourcecode.swift; path = SceneDelegate.swift; sourceTree = "<group>"; };
		A5A290B3241B531000E1F662 /* ViewController.swift */ = {isa = PBXFileReference; lastKnownFileType = sourcecode.swift; path = ViewController.swift; sourceTree = "<group>"; };
		A5A290B6241B531000E1F662 /* Base */ = {isa = PBXFileReference; lastKnownFileType = file.storyboard; name = Base; path = Base.lproj/Main.storyboard; sourceTree = "<group>"; };
		A5A290B8241B531800E1F662 /* Assets.xcassets */ = {isa = PBXFileReference; lastKnownFileType = folder.assetcatalog; path = Assets.xcassets; sourceTree = "<group>"; };
		A5A290BB241B531800E1F662 /* Base */ = {isa = PBXFileReference; lastKnownFileType = file.storyboard; name = Base; path = Base.lproj/LaunchScreen.storyboard; sourceTree = "<group>"; };
		A5A290BD241B531800E1F662 /* Info.plist */ = {isa = PBXFileReference; lastKnownFileType = text.plist.xml; path = Info.plist; sourceTree = "<group>"; };
		A5A290C7241B544300E1F662 /* ListController.swift */ = {isa = PBXFileReference; lastKnownFileType = sourcecode.swift; path = ListController.swift; sourceTree = "<group>"; };
/* End PBXFileReference section */

/* Begin PBXFrameworksBuildPhase section */
		A5A290A9241B530F00E1F662 /* Frameworks */ = {
			isa = PBXFrameworksBuildPhase;
			buildActionMask = 2147483647;
			files = (
			);
			runOnlyForDeploymentPostprocessing = 0;
		};
/* End PBXFrameworksBuildPhase section */

/* Begin PBXGroup section */
		A5A290A3241B530F00E1F662 = {
			isa = PBXGroup;
			children = (
				A5A290AE241B530F00E1F662 /* NoticeApp */,
				A5A290AD241B530F00E1F662 /* Products */,
			);
			sourceTree = "<group>";
		};
		A5A290AD241B530F00E1F662 /* Products */ = {
			isa = PBXGroup;
			children = (
				A5A290AC241B530F00E1F662 /* NoticeApp.app */,
			);
			name = Products;
			sourceTree = "<group>";
		};
		A5A290AE241B530F00E1F662 /* NoticeApp */ = {
			isa = PBXGroup;
			children = (
				A5A290AF241B531000E1F662 /* AppDelegate.swift */,
				A5A290B1241B531000E1F662 /* SceneDelegate.swift */,
				A5A290B3241B531000E1F662 /* ViewController.swift */,
				A5A290B5241B531000E1F662 /* Main.storyboard */,
				A5A290B8241B531800E1F662 /* Assets.xcassets */,
				A5A290BA241B531800E1F662 /* LaunchScreen.storyboard */,
				A5A290BD241B531800E1F662 /* Info.plist */,
				A5A290C7241B544300E1F662 /* ListController.swift */,
			);
			path = NoticeApp;
			sourceTree = "<group>";
		};
/* End PBXGroup section */

/* Begin PBXNativeTarget section */
		A5A290AB241B530F00E1F662 /* NoticeApp */ = {
			isa = PBXNativeTarget;
			buildConfigurationList = A5A290C0241B531800E1F662 /* Build configuration list for PBXNativeTarget "NoticeApp" */;
			buildPhases = (
				A5A290A8241B530F00E1F662 /* Sources */,
				A5A290A9241B530F00E1F662 /* Frameworks */,
				A5A290AA241B530F00E1F662 /* Resources */,
			);
			buildRules = (
			);
			dependencies = (
			);
			name = NoticeApp;
			productName = NoticeApp;
			productReference = A5A290AC241B530F00E1F662 /* NoticeApp.app */;
			productType = "com.apple.product-type.application";
		};
/* End PBXNativeTarget section */

/* Begin PBXProject section */
		A5A290A4241B530F00E1F662 /* Project object */ = {
			isa = PBXProject;
			attributes = {
				LastSwiftUpdateCheck = 1100;
				LastUpgradeCheck = 1100;
				ORGANIZATIONNAME = "TJOEUN-304";
				TargetAttributes = {
					A5A290AB241B530F00E1F662 = {
						CreatedOnToolsVersion = 11.0;
					};
				};
			};
			buildConfigurationList = A5A290A7241B530F00E1F662 /* Build configuration list for PBXProject "NoticeApp" */;
			compatibilityVersion = "Xcode 9.3";
			developmentRegion = en;
			hasScannedForEncodings = 0;
			knownRegions = (
				en,
				Base,
			);
			mainGroup = A5A290A3241B530F00E1F662;
			productRefGroup = A5A290AD241B530F00E1F662 /* Products */;
			projectDirPath = "";
			projectRoot = "";
			targets = (
				A5A290AB241B530F00E1F662 /* NoticeApp */,
			);
		};
/* End PBXProject section */

/* Begin PBXResourcesBuildPhase section */
		A5A290AA241B530F00E1F662 /* Resources */ = {
			isa = PBXResourcesBuildPhase;
			buildActionMask = 2147483647;
			files = (
				A5A290BC241B531800E1F662 /* LaunchScreen.storyboard in Resources */,
				A5A290B9241B531800E1F662 /* Assets.xcassets in Resources */,
				A5A290B7241B531000E1F662 /* Main.storyboard in Resources */,
			);
			runOnlyForDeploymentPostprocessing = 0;
		};
/* End PBXResourcesBuildPhase section */

/* Begin PBXSourcesBuildPhase section */
		A5A290A8241B530F00E1F662 /* Sources */ = {
			isa = PBXSourcesBuildPhase;
			buildActionMask = 2147483647;
			files = (
				A5A290B4241B531000E1F662 /* ViewController.swift in Sources */,
				A5A290B0241B531000E1F662 /* AppDelegate.swift in Sources */,
				A5A290B2241B531000E1F662 /* SceneDelegate.swift in Sources */,
				A5A290C8241B544300E1F662 /* ListController.swift in Sources */,
			);
			runOnlyForDeploymentPostprocessing = 0;
		};
/* End PBXSourcesBuildPhase section */

/* Begin PBXVariantGroup section */
		A5A290B5241B531000E1F662 /* Main.storyboard */ = {
			isa = PBXVariantGroup;
			children = (
				A5A290B6241B531000E1F662 /* Base */,
			);
			name = Main.storyboard;
			sourceTree = "<group>";
		};
		A5A290BA241B531800E1F662 /* LaunchScreen.storyboard */ = {
			isa = PBXVariantGroup;
			children = (
				A5A290BB241B531800E1F662 /* Base */,
			);
			name = LaunchScreen.storyboard;
			sourceTree = "<group>";
		};
/* End PBXVariantGroup section */

/* Begin XCBuildConfiguration section */
		A5A290BE241B531800E1F662 /* Debug */ = {
			isa = XCBuildConfiguration;
			buildSettings = {
				ALWAYS_SEARCH_USER_PATHS = NO;
				CLANG_ANALYZER_NONNULL = YES;
				CLANG_ANALYZER_NUMBER_OBJECT_CONVERSION = YES_AGGRESSIVE;
				CLANG_CXX_LANGUAGE_STANDARD = "gnu++14";
				CLANG_CXX_LIBRARY = "libc++";
				CLANG_ENABLE_MODULES = YES;
				CLANG_ENABLE_OBJC_ARC = YES;
				CLANG_ENABLE_OBJC_WEAK = YES;
				CLANG_WARN_BLOCK_CAPTURE_AUTORELEASING = YES;
				CLANG_WARN_BOOL_CONVERSION = YES;
				CLANG_WARN_COMMA = YES;
				CLANG_WARN_CONSTANT_CONVERSION = YES;
				CLANG_WARN_DEPRECATED_OBJC_IMPLEMENTATIONS = YES;
				CLANG_WARN_DIRECT_OBJC_ISA_USAGE = YES_ERROR;
				CLANG_WARN_DOCUMENTATION_COMMENTS = YES;
				CLANG_WARN_EMPTY_BODY = YES;
				CLANG_WARN_ENUM_CONVERSION = YES;
				CLANG_WARN_INFINITE_RECURSION = YES;
				CLANG_WARN_INT_CONVERSION = YES;
				CLANG_WARN_NON_LITERAL_NULL_CONVERSION = YES;
				CLANG_WARN_OBJC_IMPLICIT_RETAIN_SELF = YES;
				CLANG_WARN_OBJC_LITERAL_CONVERSION = YES;
				CLANG_WARN_OBJC_ROOT_CLASS = YES_ERROR;
				CLANG_WARN_RANGE_LOOP_ANALYSIS = YES;
				CLANG_WARN_STRICT_PROTOTYPES = YES;
				CLANG_WARN_SUSPICIOUS_MOVE = YES;
				CLANG_WARN_UNGUARDED_AVAILABILITY = YES_AGGRESSIVE;
				CLANG_WARN_UNREACHABLE_CODE = YES;
				CLANG_WARN__DUPLICATE_METHOD_MATCH = YES;
				COPY_PHASE_STRIP = NO;
				DEBUG_INFORMATION_FORMAT = dwarf;
				ENABLE_STRICT_OBJC_MSGSEND = YES;
				ENABLE_TESTABILITY = YES;
				GCC_C_LANGUAGE_STANDARD = gnu11;
				GCC_DYNAMIC_NO_PIC = NO;
				GCC_NO_COMMON_BLOCKS = YES;
				GCC_OPTIMIZATION_LEVEL = 0;
				GCC_PREPROCESSOR_DEFINITIONS = (
					"DEBUG=1",
					"$(inherited)",
				);
				GCC_WARN_64_TO_32_BIT_CONVERSION = YES;
				GCC_WARN_ABOUT_RETURN_TYPE = YES_ERROR;
				GCC_WARN_UNDECLARED_SELECTOR = YES;
				GCC_WARN_UNINITIALIZED_AUTOS = YES_AGGRESSIVE;
				GCC_WARN_UNUSED_FUNCTION = YES;
				GCC_WARN_UNUSED_VARIABLE = YES;
				IPHONEOS_DEPLOYMENT_TARGET = 13.0;
				MTL_ENABLE_DEBUG_INFO = INCLUDE_SOURCE;
				MTL_FAST_MATH = YES;
				ONLY_ACTIVE_ARCH = YES;
				SDKROOT = iphoneos;
				SWIFT_ACTIVE_COMPILATION_CONDITIONS = DEBUG;
				SWIFT_OPTIMIZATION_LEVEL = "-Onone";
			};
			name = Debug;
		};
		A5A290BF241B531800E1F662 /* Release */ = {
			isa = XCBuildConfiguration;
			buildSettings = {
				ALWAYS_SEARCH_USER_PATHS = NO;
				CLANG_ANALYZER_NONNULL = YES;
				CLANG_ANALYZER_NUMBER_OBJECT_CONVERSION = YES_AGGRESSIVE;
				CLANG_CXX_LANGUAGE_STANDARD = "gnu++14";
				CLANG_CXX_LIBRARY = "libc++";
				CLANG_ENABLE_MODULES = YES;
				CLANG_ENABLE_OBJC_ARC = YES;
				CLANG_ENABLE_OBJC_WEAK = YES;
				CLANG_WARN_BLOCK_CAPTURE_AUTORELEASING = YES;
				CLANG_WARN_BOOL_CONVERSION = YES;
				CLANG_WARN_COMMA = YES;
				CLANG_WARN_CONSTANT_CONVERSION = YES;
				CLANG_WARN_DEPRECATED_OBJC_IMPLEMENTATIONS = YES;
				CLANG_WARN_DIRECT_OBJC_ISA_USAGE = YES_ERROR;
				CLANG_WARN_DOCUMENTATION_COMMENTS = YES;
				CLANG_WARN_EMPTY_BODY = YES;
				CLANG_WARN_ENUM_CONVERSION = YES;
				CLANG_WARN_INFINITE_RECURSION = YES;
				CLANG_WARN_INT_CONVERSION = YES;
				CLANG_WARN_NON_LITERAL_NULL_CONVERSION = YES;
				CLANG_WARN_OBJC_IMPLICIT_RETAIN_SELF = YES;
				CLANG_WARN_OBJC_LITERAL_CONVERSION = YES;
				CLANG_WARN_OBJC_ROOT_CLASS = YES_ERROR;
				CLANG_WARN_RANGE_LOOP_ANALYSIS = YES;
				CLANG_WARN_STRICT_PROTOTYPES = YES;
				CLANG_WARN_SUSPICIOUS_MOVE = YES;
				CLANG_WARN_UNGUARDED_AVAILABILITY = YES_AGGRESSIVE;
				CLANG_WARN_UNREACHABLE_CODE = YES;
				CLANG_WARN__DUPLICATE_METHOD_MATCH = YES;
				COPY_PHASE_STRIP = NO;
				DEBUG_INFORMATION_FORMAT = "dwarf-with-dsym";
				ENABLE_NS_ASSERTIONS = NO;
				ENABLE_STRICT_OBJC_MSGSEND = YES;
				GCC_C_LANGUAGE_STANDARD = gnu11;
				GCC_NO_COMMON_BLOCKS = YES;
				GCC_WARN_64_TO_32_BIT_CONVERSION = YES;
				GCC_WARN_ABOUT_RETURN_TYPE = YES_ERROR;
				GCC_WARN_UNDECLARED_SELECTOR = YES;
				GCC_WARN_UNINITIALIZED_AUTOS = YES_AGGRESSIVE;
				GCC_WARN_UNUSED_FUNCTION = YES;
				GCC_WARN_UNUSED_VARIABLE = YES;
				IPHONEOS_DEPLOYMENT_TARGET = 13.0;
				MTL_ENABLE_DEBUG_INFO = NO;
				MTL_FAST_MATH = YES;
				SDKROOT = iphoneos;
				SWIFT_COMPILATION_MODE = wholemodule;
				SWIFT_OPTIMIZATION_LEVEL = "-O";
				VALIDATE_PRODUCT = YES;
			};
			name = Release;
		};
		A5A290C1241B531800E1F662 /* Debug */ = {
			isa = XCBuildConfiguration;
			buildSettings = {
				ASSETCATALOG_COMPILER_APPICON_NAME = AppIcon;
				CODE_SIGN_STYLE = Automatic;
				INFOPLIST_FILE = NoticeApp/Info.plist;
				LD_RUNPATH_SEARCH_PATHS = (
					"$(inherited)",
					"@executable_path/Frameworks",
				);
				PRODUCT_BUNDLE_IDENTIFIER = com.tj.NoticeApp;
				PRODUCT_NAME = "$(TARGET_NAME)";
				SWIFT_VERSION = 5.0;
				TARGETED_DEVICE_FAMILY = "1,2";
			};
			name = Debug;
		};
		A5A290C2241B531800E1F662 /* Release */ = {
			isa = XCBuildConfiguration;
			buildSettings = {
				ASSETCATALOG_COMPILER_APPICON_NAME = AppIcon;
				CODE_SIGN_STYLE = Automatic;
				INFOPLIST_FILE = NoticeApp/Info.plist;
				LD_RUNPATH_SEARCH_PATHS = (
					"$(inherited)",
					"@executable_path/Frameworks",
				);
				PRODUCT_BUNDLE_IDENTIFIER = com.tj.NoticeApp;
				PRODUCT_NAME = "$(TARGET_NAME)";
				SWIFT_VERSION = 5.0;
				TARGETED_DEVICE_FAMILY = "1,2";
			};
			name = Release;
		};
/* End XCBuildConfiguration section */

/* Begin XCConfigurationList section */
		A5A290A7241B530F00E1F662 /* Build configuration list for PBXProject "NoticeApp" */ = {
			isa = XCConfigurationList;
			buildConfigurations = (
				A5A290BE241B531800E1F662 /* Debug */,
				A5A290BF241B531800E1F662 /* Release */,
			);
			defaultConfigurationIsVisible = 0;
			defaultConfigurationName = Release;
		};
		A5A290C0241B531800E1F662 /* Build configuration list for PBXNativeTarget "NoticeApp" */ = {
			isa = XCConfigurationList;
			buildConfigurations = (
				A5A290C1241B531800E1F662 /* Debug */,
				A5A290C2241B531800E1F662 /* Release */,
			);
			defaultConfigurationIsVisible = 0;
			defaultConfigurationName = Release;
		};
/* End XCConfigurationList section */
	};
	rootObject = A5A290A4241B530F00E1F662 /* Project object */;
}
